
Microsoft Visual Studio Solution File, Format Version 12.00
# Visual Studio Version 16
VisualStudioVersion = 16.0.30204.135
MinimumVisualStudioVersion = 10.0.40219.1
Project("{FAE04EC0-301F-11D3-BF4B-00C04F79EFBC}") = "API DB First", "API DB First\API DB First.csproj", "{C1EFF343-0A77-4561-8684-5AD64C3D8913}"
EndProject
Global
	GlobalSection(SolutionConfigurationPlatforms) = preSolution
		Debug|Any CPU = Debug|Any CPU
		Release|Any CPU = Release|Any CPU
	EndGlobalSection
	GlobalSection(ProjectConfigurationPlatforms) = postSolution
		{C1EFF343-0A77-4561-8684-5AD64C3D8913}.Debug|Any CPU.ActiveCfg = Debug|Any CPU
		{C1EFF343-0A77-4561-8684-5AD64C3D8913}.Debug|Any CPU.Build.0 = Debug|Any CPU
		{C1EFF343-0A77-4561-8684-5AD64C3D8913}.Release|Any CPU.ActiveCfg = Release|Any CPU
		{C1EFF343-0A77-4561-8684-5AD64C3D8913}.Release|Any CPU.Build.0 = Release|Any CPU
	EndGlobalSection
	GlobalSection(SolutionProperties) = preSolution
		HideSolutionNode = FALSE
	EndGlobalSection
	GlobalSection(ExtensibilityGlobals) = postSolution
		SolutionGuid = {BB13A44F-A4F7-40CC-A95A-2C6983972DE3}
	EndGlobalSection
EndGlobal
